Microsoft Visual Studio Solution File, Format Version 12.00
# Visual Studio Version 17
VisualStudioVersion = 17.5.2.0
MinimumVisualStudioVersion = 10.0.40219.1
Project("{FAE04EC0-301F-11D3-BF4B-00C04F79EFBC}") = "circles-intersect-1-avoid-obstacle-CS", "circles-intersect-1-avoid-obstacle-top-level\circles-intersect-1-avoid-obstacle-CS.csproj", "{FE81377F-6162-5958-9A97-10ED88927771}"
EndProject
Project("{FAE04EC0-301F-11D3-BF4B-00C04F79EFBC}") = "circles-intersect-1-avoid-obstacle-top-level", "circles-intersect-1-avoid-obstacle-top-level\circles-intersect-1-avoid-obstacle-top-level.csproj", "{3EC47337-0BD0-446C-7E64-7F96C7724AFA}"
EndProject
Global
	GlobalSection(SolutionConfigurationPlatforms) = preSolution
		Debug|Any CPU = Debug|Any CPU
		Release|Any CPU = Release|Any CPU
	EndGlobalSection
	GlobalSection(ProjectConfigurationPlatforms) = postSolution
		{FE81377F-6162-5958-9A97-10ED88927771}.Debug|Any CPU.ActiveCfg = Debug|Any CPU
		{FE81377F-6162-5958-9A97-10ED88927771}.Debug|Any CPU.Build.0 = Debug|Any CPU
		{FE81377F-6162-5958-9A97-10ED88927771}.Release|Any CPU.ActiveCfg = Release|Any CPU
		{FE81377F-6162-5958-9A97-10ED88927771}.Release|Any CPU.Build.0 = Release|Any CPU
		{3EC47337-0BD0-446C-7E64-7F96C7724AFA}.Debug|Any CPU.ActiveCfg = Debug|Any CPU
		{3EC47337-0BD0-446C-7E64-7F96C7724AFA}.Debug|Any CPU.Build.0 = Debug|Any CPU
		{3EC47337-0BD0-446C-7E64-7F96C7724AFA}.Release|Any CPU.ActiveCfg = Release|Any CPU
		{3EC47337-0BD0-446C-7E64-7F96C7724AFA}.Release|Any CPU.Build.0 = Release|Any CPU
	EndGlobalSection
	GlobalSection(SolutionProperties) = preSolution
		HideSolutionNode = FALSE
	EndGlobalSection
	GlobalSection(ExtensibilityGlobals) = postSolution
		SolutionGuid = {7FFC76B5-1BE8-420B-86E8-CDBBD48CCE89}
	EndGlobalSection
EndGlobal
